
Microsoft Visual Studio Solution File, Format Version 12.00
# Visual Studio 15
VisualStudioVersion = 15.0.27004.2005
MinimumVisualStudioVersion = 10.0.40219.1
Project("{FAE04EC0-301F-11D3-BF4B-00C04F79EFBC}") = "Insight_BaseMonitor", "Insight_BaseMonitor\Insight_BaseMonitor.csproj", "{39B74D2C-7AA7-4A75-BE3A-F1AAD76B8DB5}"
EndProject
Project("{FAE04EC0-301F-11D3-BF4B-00C04F79EFBC}") = "Insight_BL", "Insight_BL\Insight_BL.csproj", "{7FD83245-F917-4E66-9932-85B3F66C9C86}"
EndProject
Project("{FAE04EC0-301F-11D3-BF4B-00C04F79EFBC}") = "DataLayer", "DataLayer\DataLayer.csproj", "{C968FEC4-A02E-488E-89DF-1A7C2E443717}"
EndProject
Project("{FAE04EC0-301F-11D3-BF4B-00C04F79EFBC}") = "BusinessLayer", "BusinessLayer\BusinessLayer.csproj", "{3C9E725B-8568-4538-8B3F-FF0FD5563C10}"
EndProject
Global
	GlobalSection(SolutionConfigurationPlatforms) = preSolution
		Debug|Any CPU = Debug|Any CPU
		Release|Any CPU = Release|Any CPU
	EndGlobalSection
	GlobalSection(ProjectConfigurationPlatforms) = postSolution
		{39B74D2C-7AA7-4A75-BE3A-F1AAD76B8DB5}.Debug|Any CPU.ActiveCfg = Debug|Any CPU
		{39B74D2C-7AA7-4A75-BE3A-F1AAD76B8DB5}.Debug|Any CPU.Build.0 = Debug|Any CPU
		{39B74D2C-7AA7-4A75-BE3A-F1AAD76B8DB5}.Release|Any CPU.ActiveCfg = Release|Any CPU
		{39B74D2C-7AA7-4A75-BE3A-F1AAD76B8DB5}.Release|Any CPU.Build.0 = Release|Any CPU
		{7FD83245-F917-4E66-9932-85B3F66C9C86}.Debug|Any CPU.ActiveCfg = Debug|Any CPU
		{7FD83245-F917-4E66-9932-85B3F66C9C86}.Debug|Any CPU.Build.0 = Debug|Any CPU
		{7FD83245-F917-4E66-9932-85B3F66C9C86}.Release|Any CPU.ActiveCfg = Release|Any CPU
		{7FD83245-F917-4E66-9932-85B3F66C9C86}.Release|Any CPU.Build.0 = Release|Any CPU
		{C968FEC4-A02E-488E-89DF-1A7C2E443717}.Debug|Any CPU.ActiveCfg = Debug|Any CPU
		{C968FEC4-A02E-488E-89DF-1A7C2E443717}.Debug|Any CPU.Build.0 = Debug|Any CPU
		{C968FEC4-A02E-488E-89DF-1A7C2E443717}.Release|Any CPU.ActiveCfg = Release|Any CPU
		{C968FEC4-A02E-488E-89DF-1A7C2E443717}.Release|Any CPU.Build.0 = Release|Any CPU
		{3C9E725B-8568-4538-8B3F-FF0FD5563C10}.Debug|Any CPU.ActiveCfg = Debug|Any CPU
		{3C9E725B-8568-4538-8B3F-FF0FD5563C10}.Debug|Any CPU.Build.0 = Debug|Any CPU
		{3C9E725B-8568-4538-8B3F-FF0FD5563C10}.Release|Any CPU.ActiveCfg = Release|Any CPU
		{3C9E725B-8568-4538-8B3F-FF0FD5563C10}.Release|Any CPU.Build.0 = Release|Any CPU
	EndGlobalSection
	GlobalSection(SolutionProperties) = preSolution
		HideSolutionNode = FALSE
	EndGlobalSection
	GlobalSection(ExtensibilityGlobals) = postSolution
		SolutionGuid = {88A5FC75-DE34-4FB8-B026-EC2829C5B880}
	EndGlobalSection
EndGlobal
